
Microsoft Visual Studio Solution File, Format Version 12.00
# Visual Studio Version 17
VisualStudioVersion = 17.2.32630.192
MinimumVisualStudioVersion = 10.0.40219.1
Project("{9A19103F-16F7-4668-BE54-9A1E7A4F7556}") = "MBV.CMS.HX.DataAccess.NHibernate", "MBV.CMS.HX.DataAccess.NHibernate\MBV.CMS.HX.DataAccess.NHibernate.csproj", "{87EC3972-06E2-4ADA-94BB-8064EC210A82}"
EndProject
Project("{9A19103F-16F7-4668-BE54-9A1E7A4F7556}") = "MBV.CMS.HX.Service.Interface", "MBV.CMS.HX.Service.Interface\MBV.CMS.HX.Service.Interface.csproj", "{485ADEC1-CBF7-4581-B279-8959ADBB3E7F}"
EndProject
Project("{9A19103F-16F7-4668-BE54-9A1E7A4F7556}") = "MBV.CMS.HX.Service", "MBV.CMS.HX.Service\MBV.CMS.HX.Service.csproj", "{EC481668-4BFC-4D54-9AC5-FA329C64FE20}"
EndProject
Project("{9A19103F-16F7-4668-BE54-9A1E7A4F7556}") = "MBV.CMS.HX.Api", "MBV.CMS.HX.Api\MBV.CMS.HX.Api.csproj", "{C0B824C8-F877-4242-B880-7F308E687AD9}"
EndProject
Project("{9A19103F-16F7-4668-BE54-9A1E7A4F7556}") = "MBV.CMS.HX.Common", "MBV.CMS.HX.Common\MBV.CMS.HX.Common.csproj", "{F78EBE49-4959-4E31-9B45-1EE068040399}"
EndProject
Project("{9A19103F-16F7-4668-BE54-9A1E7A4F7556}") = "MBV.CMS.HX.DataAccess.Interface", "MBV.CMS.HX.DataAccess.Interface\MBV.CMS.HX.DataAccess.Interface.csproj", "{F1626DB2-2BA7-4ED6-86E0-ABA17AD6B71B}"
EndProject
Project("{9A19103F-16F7-4668-BE54-9A1E7A4F7556}") = "MBV.CMS.HX.Domain", "MBV.CMS.HX.Domain\MBV.CMS.HX.Domain.csproj", "{67199767-3274-40E2-AE01-B7C09E22B32A}"
EndProject
Project("{9A19103F-16F7-4668-BE54-9A1E7A4F7556}") = "MBV.CMS.HX.Test.Infrastructure", "MBV.CMS.HX.Test.Infrastructure\MBV.CMS.HX.Test.Infrastructure.csproj", "{12F342B6-FF88-4EB7-AFCD-A22D9BD9BC16}"
EndProject
Project("{9A19103F-16F7-4668-BE54-9A1E7A4F7556}") = "MBV.CMS.HX.Test.Integration", "MBV.CMS.HX.Test.Integration\MBV.CMS.HX.Test.Integration.csproj", "{F7485343-404E-4398-97E4-30687767DB26}"
EndProject
Project("{9A19103F-16F7-4668-BE54-9A1E7A4F7556}") = "MBV.CMS.HX.Test.Unit", "MBV.CMS.HX.Test.Unit\MBV.CMS.HX.Test.Unit.csproj", "{A9714951-B442-4C8F-AA2E-3C09167D382A}"
EndProject
Global
	GlobalSection(SolutionConfigurationPlatforms) = preSolution
		Debug|Any CPU = Debug|Any CPU
		Release|Any CPU = Release|Any CPU
	EndGlobalSection
	GlobalSection(ProjectConfigurationPlatforms) = postSolution
		{87EC3972-06E2-4ADA-94BB-8064EC210A82}.Debug|Any CPU.ActiveCfg = Debug|Any CPU
		{87EC3972-06E2-4ADA-94BB-8064EC210A82}.Debug|Any CPU.Build.0 = Debug|Any CPU
		{87EC3972-06E2-4ADA-94BB-8064EC210A82}.Release|Any CPU.ActiveCfg = Release|Any CPU
		{87EC3972-06E2-4ADA-94BB-8064EC210A82}.Release|Any CPU.Build.0 = Release|Any CPU
		{485ADEC1-CBF7-4581-B279-8959ADBB3E7F}.Debug|Any CPU.ActiveCfg = Debug|Any CPU
		{485ADEC1-CBF7-4581-B279-8959ADBB3E7F}.Debug|Any CPU.Build.0 = Debug|Any CPU
		{485ADEC1-CBF7-4581-B279-8959ADBB3E7F}.Release|Any CPU.ActiveCfg = Release|Any CPU
		{485ADEC1-CBF7-4581-B279-8959ADBB3E7F}.Release|Any CPU.Build.0 = Release|Any CPU
		{EC481668-4BFC-4D54-9AC5-FA329C64FE20}.Debug|Any CPU.ActiveCfg = Debug|Any CPU
		{EC481668-4BFC-4D54-9AC5-FA329C64FE20}.Debug|Any CPU.Build.0 = Debug|Any CPU
		{EC481668-4BFC-4D54-9AC5-FA329C64FE20}.Release|Any CPU.ActiveCfg = Release|Any CPU
		{EC481668-4BFC-4D54-9AC5-FA329C64FE20}.Release|Any CPU.Build.0 = Release|Any CPU
		{C0B824C8-F877-4242-B880-7F308E687AD9}.Debug|Any CPU.ActiveCfg = Debug|Any CPU
		{C0B824C8-F877-4242-B880-7F308E687AD9}.Debug|Any CPU.Build.0 = Debug|Any CPU
		{C0B824C8-F877-4242-B880-7F308E687AD9}.Release|Any CPU.ActiveCfg = Release|Any CPU
		{C0B824C8-F877-4242-B880-7F308E687AD9}.Release|Any CPU.Build.0 = Release|Any CPU
		{F78EBE49-4959-4E31-9B45-1EE068040399}.Debug|Any CPU.ActiveCfg = Debug|Any CPU
		{F78EBE49-4959-4E31-9B45-1EE068040399}.Debug|Any CPU.Build.0 = Debug|Any CPU
		{F78EBE49-4959-4E31-9B45-1EE068040399}.Release|Any CPU.ActiveCfg = Release|Any CPU
		{F78EBE49-4959-4E31-9B45-1EE068040399}.Release|Any CPU.Build.0 = Release|Any CPU
		{F1626DB2-2BA7-4ED6-86E0-ABA17AD6B71B}.Debug|Any CPU.ActiveCfg = Debug|Any CPU
		{F1626DB2-2BA7-4ED6-86E0-ABA17AD6B71B}.Debug|Any CPU.Build.0 = Debug|Any CPU
		{F1626DB2-2BA7-4ED6-86E0-ABA17AD6B71B}.Release|Any CPU.ActiveCfg = Release|Any CPU
		{F1626DB2-2BA7-4ED6-86E0-ABA17AD6B71B}.Release|Any CPU.Build.0 = Release|Any CPU
		{67199767-3274-40E2-AE01-B7C09E22B32A}.Debug|Any CPU.ActiveCfg = Debug|Any CPU
		{67199767-3274-40E2-AE01-B7C09E22B32A}.Debug|Any CPU.Build.0 = Debug|Any CPU
		{67199767-3274-40E2-AE01-B7C09E22B32A}.Release|Any CPU.ActiveCfg = Release|Any CPU
		{67199767-3274-40E2-AE01-B7C09E22B32A}.Release|Any CPU.Build.0 = Release|Any CPU
		{12F342B6-FF88-4EB7-AFCD-A22D9BD9BC16}.Debug|Any CPU.ActiveCfg = Debug|Any CPU
		{12F342B6-FF88-4EB7-AFCD-A22D9BD9BC16}.Debug|Any CPU.Build.0 = Debug|Any CPU
		{12F342B6-FF88-4EB7-AFCD-A22D9BD9BC16}.Release|Any CPU.ActiveCfg = Release|Any CPU
		{12F342B6-FF88-4EB7-AFCD-A22D9BD9BC16}.Release|Any CPU.Build.0 = Release|Any CPU
		{F7485343-404E-4398-97E4-30687767DB26}.Debug|Any CPU.ActiveCfg = Debug|Any CPU
		{F7485343-404E-4398-97E4-30687767DB26}.Debug|Any CPU.Build.0 = Debug|Any CPU
		{F7485343-404E-4398-97E4-30687767DB26}.Release|Any CPU.ActiveCfg = Release|Any CPU
		{F7485343-404E-4398-97E4-30687767DB26}.Release|Any CPU.Build.0 = Release|Any CPU
		{A9714951-B442-4C8F-AA2E-3C09167D382A}.Debug|Any CPU.ActiveCfg = Debug|Any CPU
		{A9714951-B442-4C8F-AA2E-3C09167D382A}.Debug|Any CPU.Build.0 = Debug|Any CPU
		{A9714951-B442-4C8F-AA2E-3C09167D382A}.Release|Any CPU.ActiveCfg = Release|Any CPU
		{A9714951-B442-4C8F-AA2E-3C09167D382A}.Release|Any CPU.Build.0 = Release|Any CPU
	EndGlobalSection
	GlobalSection(SolutionProperties) = preSolution
		HideSolutionNode = FALSE
	EndGlobalSection
	GlobalSection(ExtensibilityGlobals) = postSolution
		SolutionGuid = {CA8F7B75-F0AF-429B-8D36-3613C224CB02}
	EndGlobalSection
EndGlobal
